{
  "originHash" : "996b5b7d966ca3a2cd60f4fdc9e30e4d3692c08431c2054bff8b55885a4f4072",
  "pins" : [
    {
      "identity" : "scanbot-barcode-scanner-sdk-ios-spm",
      "kind" : "remoteSourceControl",
      "location" : "https://github.com/doo/scanbot-barcode-scanner-sdk-ios-spm.git",
      "state" : {
        "revision" : "13e9a27941960902c00f9718ebbebfb15b093124",
        "version" : "7.0.0"
      }
    }
  ],
  "version" : 3
}
